# This file is automatically @generated by Poetry 1.6.1 and should not be changed by hand.

[[package]]
name = "aioconsole"
version = "0.6.2"
description = "Asynchronous console and interfaces for asyncio"
optional = false
python-versions = ">=3.7"
files = [
    {file = "aioconsole-0.6.2-py3-none-any.whl", hash = "sha256:1968021eb03b88fcdf5f5398154b21585e941a7b98c9fcef51c4bb0158156619"},
    {file = "aioconsole-0.6.2.tar.gz", hash = "sha256:bac11286f1062613d2523ceee1ba81c676cd269812b865b66b907448a7b5f63e"},
]

[metadata]
lock-version = "2.0"
python-versions = "^3.11"
content-hash = "8e211e936d3d4037ec37fd9955ddb733556fd350c4b0ba3fb2ec7a67c74a099c"
